// !$*UTF8*$!
{
	archiveVersion = 1;
	classes = {
	};
	objectVersion = 46;
	objects = {

/* Begin PBXBuildFile section */
		9326F5F41C63DDC000BE896F /* Camera.cpp in Sources */ = {isa = PBXBuildFile; fileRef = 9326F5D31C63DDC000BE896F /* Camera.cpp */; };
		9326F5F51C63DDC000BE896F /* Color.cpp in Sources */ = {isa = PBXBuildFile; fileRef = 9326F5D51C63DDC000BE896F /* Color.cpp */; };
		9326F5F61C63DDC000BE896F /* Drawable.cpp in Sources */ = {isa = PBXBuildFile; fileRef = 9326F5D71C63DDC000BE896F /* Drawable.cpp */; };
		9326F5F71C63DDC000BE896F /* DrawData.cpp in Sources */ = {isa = PBXBuildFile; fileRef = 9326F5D91C63DDC000BE896F /* DrawData.cpp */; };
		9326F5F81C63DDC000BE896F /* Globals.cpp in Sources */ = {isa = PBXBuildFile; fileRef = 9326F5DB1C63DDC000BE896F /* Globals.cpp */; };
		9326F5F91C63DDC000BE896F /* Light.cpp in Sources */ = {isa = PBXBuildFile; fileRef = 9326F5DD1C63DDC000BE896F /* Light.cpp */; };
		9326F5FA1C63DDC000BE896F /* main.cpp in Sources */ = {isa = PBXBuildFile; fileRef = 9326F5DF1C63DDC000BE896F /* main.cpp */; };
		9326F5FB1C63DDC000BE896F /* Material.cpp in Sources */ = {isa = PBXBuildFile; fileRef = 9326F5E01C63DDC000BE896F /* Material.cpp */; };
		9326F5FC1C63DDC000BE896F /* MathTestBench.cpp in Sources */ = {isa = PBXBuildFile; fileRef = 9326F5E21C63DDC000BE896F /* MathTestBench.cpp */; };
		9326F5FD1C63DDC000BE896F /* Matrix4.cpp in Sources */ = {isa = PBXBuildFile; fileRef = 9326F5E41C63DDC000BE896F /* Matrix4.cpp */; };
		9326F5FE1C63DDC000BE896F /* OBJObject.cpp in Sources */ = {isa = PBXBuildFile; fileRef = 9326F5E61C63DDC000BE896F /* OBJObject.cpp */; };
		9326F5FF1C63DDC000BE896F /* Shader.cpp in Sources */ = {isa = PBXBuildFile; fileRef = 9326F5E81C63DDC000BE896F /* Shader.cpp */; };
		9326F6001C63DDC000BE896F /* Texture.cpp in Sources */ = {isa = PBXBuildFile; fileRef = 9326F5EA1C63DDC000BE896F /* Texture.cpp */; };
		9326F6011C63DDC000BE896F /* UpdateData.cpp in Sources */ = {isa = PBXBuildFile; fileRef = 9326F5EC1C63DDC000BE896F /* UpdateData.cpp */; };
		9326F6021C63DDC000BE896F /* Vector3.cpp in Sources */ = {isa = PBXBuildFile; fileRef = 9326F5EE1C63DDC000BE896F /* Vector3.cpp */; };
		9326F6031C63DDC000BE896F /* Vector4.cpp in Sources */ = {isa = PBXBuildFile; fileRef = 9326F5F01C63DDC000BE896F /* Vector4.cpp */; };
		9326F6041C63DDC000BE896F /* Window.cpp in Sources */ = {isa = PBXBuildFile; fileRef = 9326F5F21C63DDC000BE896F /* Window.cpp */; };
		DFFC54631C63DB75004F85EA /* GLUT.framework in Frameworks */ = {isa = PBXBuildFile; fileRef = DFFC54621C63DB75004F85EA /* GLUT.framework */; };
		DFFC54651C63DB7A004F85EA /* OpenGL.framework in Frameworks */ = {isa = PBXBuildFile; fileRef = DFFC54641C63DB7A004F85EA /* OpenGL.framework */; };
/* End PBXBuildFile section */

/* Begin PBXCopyFilesBuildPhase section */
		DFFC54221C63DB1B004F85EA /* CopyFiles */ = {
			isa = PBXCopyFilesBuildPhase;
			buildActionMask = 2147483647;
			dstPath = /usr/share/man/man1/;
			dstSubfolderSpec = 0;
			files = (
			);
			runOnlyForDeploymentPostprocessing = 1;
		};
/* End PBXCopyFilesBuildPhase section */

/* Begin PBXFileReference section */
		9326F5D31C63DDC000BE896F /* Camera.cpp */ = {isa = PBXFileReference; fileEncoding = 4; lastKnownFileType = sourcecode.cpp.cpp; path = Camera.cpp; sourceTree = SOURCE_ROOT; };
		9326F5D41C63DDC000BE896F /* Camera.h */ = {isa = PBXFileReference; fileEncoding = 4; lastKnownFileType = sourcecode.c.h; path = Camera.h; sourceTree = SOURCE_ROOT; };
		9326F5D51C63DDC000BE896F /* Color.cpp */ = {isa = PBXFileReference; fileEncoding = 4; lastKnownFileType = sourcecode.cpp.cpp; path = Color.cpp; sourceTree = SOURCE_ROOT; };
		9326F5D61C63DDC000BE896F /* Color.h */ = {isa = PBXFileReference; fileEncoding = 4; lastKnownFileType = sourcecode.c.h; path = Color.h; sourceTree = SOURCE_ROOT; };
		9326F5D71C63DDC000BE896F /* Drawable.cpp */ = {isa = PBXFileReference; fileEncoding = 4; lastKnownFileType = sourcecode.cpp.cpp; path = Drawable.cpp; sourceTree = SOURCE_ROOT; };
		9326F5D81C63DDC000BE896F /* Drawable.h */ = {isa = PBXFileReference; fileEncoding = 4; lastKnownFileType = sourcecode.c.h; path = Drawable.h; sourceTree = SOURCE_ROOT; };
		9326F5D91C63DDC000BE896F /* DrawData.cpp */ = {isa = PBXFileReference; fileEncoding = 4; lastKnownFileType = sourcecode.cpp.cpp; path = DrawData.cpp; sourceTree = SOURCE_ROOT; };
		9326F5DA1C63DDC000BE896F /* DrawData.h */ = {isa = PBXFileReference; fileEncoding = 4; lastKnownFileType = sourcecode.c.h; path = DrawData.h; sourceTree = SOURCE_ROOT; };
		9326F5DB1C63DDC000BE896F /* Globals.cpp */ = {isa = PBXFileReference; fileEncoding = 4; lastKnownFileType = sourcecode.cpp.cpp; path = Globals.cpp; sourceTree = SOURCE_ROOT; };
		9326F5DC1C63DDC000BE896F /* Globals.h */ = {isa = PBXFileReference; fileEncoding = 4; lastKnownFileType = sourcecode.c.h; path = Globals.h; sourceTree = SOURCE_ROOT; };
		9326F5DD1C63DDC000BE896F /* Light.cpp */ = {isa = PBXFileReference; fileEncoding = 4; lastKnownFileType = sourcecode.cpp.cpp; path = Light.cpp; sourceTree = SOURCE_ROOT; };
		9326F5DE1C63DDC000BE896F /* Light.h */ = {isa = PBXFileReference; fileEncoding = 4; lastKnownFileType = sourcecode.c.h; path = Light.h; sourceTree = SOURCE_ROOT; };
		9326F5DF1C63DDC000BE896F /* main.cpp */ = {isa = PBXFileReference; fileEncoding = 4; lastKnownFileType = sourcecode.cpp.cpp; path = main.cpp; sourceTree = SOURCE_ROOT; };
		9326F5E01C63DDC000BE896F /* Material.cpp */ = {isa = PBXFileReference; fileEncoding = 4; lastKnownFileType = sourcecode.cpp.cpp; path = Material.cpp; sourceTree = SOURCE_ROOT; };
		9326F5E11C63DDC000BE896F /* Material.h */ = {isa = PBXFileReference; fileEncoding = 4; lastKnownFileType = sourcecode.c.h; path = Material.h; sourceTree = SOURCE_ROOT; };
		9326F5E21C63DDC000BE896F /* MathTestBench.cpp */ = {isa = PBXFileReference; fileEncoding = 4; lastKnownFileType = sourcecode.cpp.cpp; path = MathTestBench.cpp; sourceTree = SOURCE_ROOT; };
		9326F5E31C63DDC000BE896F /* MathTestBench.h */ = {isa = PBXFileReference; fileEncoding = 4; lastKnownFileType = sourcecode.c.h; path = MathTestBench.h; sourceTree = SOURCE_ROOT; };
		9326F5E41C63DDC000BE896F /* Matrix4.cpp */ = {isa = PBXFileReference; fileEncoding = 4; lastKnownFileType = sourcecode.cpp.cpp; path = Matrix4.cpp; sourceTree = SOURCE_ROOT; };
		9326F5E51C63DDC000BE896F /* Matrix4.h */ = {isa = PBXFileReference; fileEncoding = 4; lastKnownFileType = sourcecode.c.h; path = Matrix4.h; sourceTree = SOURCE_ROOT; };
		9326F5E61C63DDC000BE896F /* OBJObject.cpp */ = {isa = PBXFileReference; fileEncoding = 4; lastKnownFileType = sourcecode.cpp.cpp; path = OBJObject.cpp; sourceTree = SOURCE_ROOT; };
		9326F5E71C63DDC000BE896F /* OBJObject.h */ = {isa = PBXFileReference; fileEncoding = 4; lastKnownFileType = sourcecode.c.h; path = OBJObject.h; sourceTree = SOURCE_ROOT; };
		9326F5E81C63DDC000BE896F /* Shader.cpp */ = {isa = PBXFileReference; fileEncoding = 4; lastKnownFileType = sourcecode.cpp.cpp; path = Shader.cpp; sourceTree = SOURCE_ROOT; };
		9326F5E91C63DDC000BE896F /* Shader.h */ = {isa = PBXFileReference; fileEncoding = 4; lastKnownFileType = sourcecode.c.h; path = Shader.h; sourceTree = SOURCE_ROOT; };
		9326F5EA1C63DDC000BE896F /* Texture.cpp */ = {isa = PBXFileReference; fileEncoding = 4; lastKnownFileType = sourcecode.cpp.cpp; path = Texture.cpp; sourceTree = SOURCE_ROOT; };
		9326F5EB1C63DDC000BE896F /* Texture.h */ = {isa = PBXFileReference; fileEncoding = 4; lastKnownFileType = sourcecode.c.h; path = Texture.h; sourceTree = SOURCE_ROOT; };
		9326F5EC1C63DDC000BE896F /* UpdateData.cpp */ = {isa = PBXFileReference; fileEncoding = 4; lastKnownFileType = sourcecode.cpp.cpp; path = UpdateData.cpp; sourceTree = SOURCE_ROOT; };
		9326F5ED1C63DDC000BE896F /* UpdateData.h */ = {isa = PBXFileReference; fileEncoding = 4; lastKnownFileType = sourcecode.c.h; path = UpdateData.h; sourceTree = SOURCE_ROOT; };
		9326F5EE1C63DDC000BE896F /* Vector3.cpp */ = {isa = PBXFileReference; fileEncoding = 4; lastKnownFileType = sourcecode.cpp.cpp; path = Vector3.cpp; sourceTree = SOURCE_ROOT; };
		9326F5EF1C63DDC000BE896F /* Vector3.h */ = {isa = PBXFileReference; fileEncoding = 4; lastKnownFileType = sourcecode.c.h; path = Vector3.h; sourceTree = SOURCE_ROOT; };
		9326F5F01C63DDC000BE896F /* Vector4.cpp */ = {isa = PBXFileReference; fileEncoding = 4; lastKnownFileType = sourcecode.cpp.cpp; path = Vector4.cpp; sourceTree = SOURCE_ROOT; };
		9326F5F11C63DDC000BE896F /* Vector4.h */ = {isa = PBXFileReference; fileEncoding = 4; lastKnownFileType = sourcecode.c.h; path = Vector4.h; sourceTree = SOURCE_ROOT; };
		9326F5F21C63DDC000BE896F /* Window.cpp */ = {isa = PBXFileReference; fileEncoding = 4; lastKnownFileType = sourcecode.cpp.cpp; path = Window.cpp; sourceTree = SOURCE_ROOT; };
		9326F5F31C63DDC000BE896F /* Window.h */ = {isa = PBXFileReference; fileEncoding = 4; lastKnownFileType = sourcecode.c.h; path = Window.h; sourceTree = SOURCE_ROOT; };
		9326F6051C63E7D900BE896F /* OFF Files */ = {isa = PBXFileReference; lastKnownFileType = folder; path = "OFF Files"; sourceTree = "<group>"; };
		DFFC54241C63DB1B004F85EA /* mesh */ = {isa = PBXFileReference; explicitFileType = "compiled.mach-o.executable"; includeInIndex = 0; path = mesh; sourceTree = BUILT_PRODUCTS_DIR; };
		DFFC54621C63DB75004F85EA /* GLUT.framework */ = {isa = PBXFileReference; lastKnownFileType = wrapper.framework; name = GLUT.framework; path = System/Library/Frameworks/GLUT.framework; sourceTree = SDKROOT; };
		DFFC54641C63DB7A004F85EA /* OpenGL.framework */ = {isa = PBXFileReference; lastKnownFileType = wrapper.framework; name = OpenGL.framework; path = System/Library/Frameworks/OpenGL.framework; sourceTree = SDKROOT; };
/* End PBXFileReference section */

/* Begin PBXFrameworksBuildPhase section */
		DFFC54211C63DB1B004F85EA /* Frameworks */ = {
			isa = PBXFrameworksBuildPhase;
			buildActionMask = 2147483647;
			files = (
				DFFC54651C63DB7A004F85EA /* OpenGL.framework in Frameworks */,
				DFFC54631C63DB75004F85EA /* GLUT.framework in Frameworks */,
			);
			runOnlyForDeploymentPostprocessing = 0;
		};
/* End PBXFrameworksBuildPhase section */

/* Begin PBXGroup section */
		DFFC541B1C63DB1B004F85EA = {
			isa = PBXGroup;
			children = (
				DFFC54641C63DB7A004F85EA /* OpenGL.framework */,
				DFFC54621C63DB75004F85EA /* GLUT.framework */,
				DFFC54261C63DB1B004F85EA /* mesh */,
				DFFC54251C63DB1B004F85EA /* Products */,
				9326F6051C63E7D900BE896F /* OFF Files */,
			);
			sourceTree = "<group>";
		};
		DFFC54251C63DB1B004F85EA /* Products */ = {
			isa = PBXGroup;
			children = (
				DFFC54241C63DB1B004F85EA /* mesh */,
			);
			name = Products;
			sourceTree = "<group>";
		};
		DFFC54261C63DB1B004F85EA /* mesh */ = {
			isa = PBXGroup;
			children = (
				9326F5F21C63DDC000BE896F /* Window.cpp */,
				9326F5D31C63DDC000BE896F /* Camera.cpp */,
				9326F5D41C63DDC000BE896F /* Camera.h */,
				9326F5D51C63DDC000BE896F /* Color.cpp */,
				9326F5D61C63DDC000BE896F /* Color.h */,
				9326F5D71C63DDC000BE896F /* Drawable.cpp */,
				9326F5D81C63DDC000BE896F /* Drawable.h */,
				9326F5D91C63DDC000BE896F /* DrawData.cpp */,
				9326F5DA1C63DDC000BE896F /* DrawData.h */,
				9326F5DB1C63DDC000BE896F /* Globals.cpp */,
				9326F5DC1C63DDC000BE896F /* Globals.h */,
				9326F5DD1C63DDC000BE896F /* Light.cpp */,
				9326F5DE1C63DDC000BE896F /* Light.h */,
				9326F5DF1C63DDC000BE896F /* main.cpp */,
				9326F5E01C63DDC000BE896F /* Material.cpp */,
				9326F5E11C63DDC000BE896F /* Material.h */,
				9326F5E21C63DDC000BE896F /* MathTestBench.cpp */,
				9326F5E31C63DDC000BE896F /* MathTestBench.h */,
				9326F5E41C63DDC000BE896F /* Matrix4.cpp */,
				9326F5E51C63DDC000BE896F /* Matrix4.h */,
				9326F5E61C63DDC000BE896F /* OBJObject.cpp */,
				9326F5E71C63DDC000BE896F /* OBJObject.h */,
				9326F5E81C63DDC000BE896F /* Shader.cpp */,
				9326F5E91C63DDC000BE896F /* Shader.h */,
				9326F5EA1C63DDC000BE896F /* Texture.cpp */,
				9326F5EB1C63DDC000BE896F /* Texture.h */,
				9326F5EC1C63DDC000BE896F /* UpdateData.cpp */,
				9326F5ED1C63DDC000BE896F /* UpdateData.h */,
				9326F5EE1C63DDC000BE896F /* Vector3.cpp */,
				9326F5EF1C63DDC000BE896F /* Vector3.h */,
				9326F5F01C63DDC000BE896F /* Vector4.cpp */,
				9326F5F11C63DDC000BE896F /* Vector4.h */,
				9326F5F31C63DDC000BE896F /* Window.h */,
			);
			path = mesh;
			sourceTree = "<group>";
		};
/* End PBXGroup section */

/* Begin PBXNativeTarget section */
		DFFC54231C63DB1B004F85EA /* mesh */ = {
			isa = PBXNativeTarget;
			buildConfigurationList = DFFC542B1C63DB1B004F85EA /* Build configuration list for PBXNativeTarget "mesh" */;
			buildPhases = (
				DFFC54201C63DB1B004F85EA /* Sources */,
				DFFC54211C63DB1B004F85EA /* Frameworks */,
				DFFC54221C63DB1B004F85EA /* CopyFiles */,
			);
			buildRules = (
			);
			dependencies = (
			);
			name = mesh;
			productName = mesh;
			productReference = DFFC54241C63DB1B004F85EA /* mesh */;
			productType = "com.apple.product-type.tool";
		};
/* End PBXNativeTarget section */

/* Begin PBXProject section */
		DFFC541C1C63DB1B004F85EA /* Project object */ = {
			isa = PBXProject;
			attributes = {
				LastUpgradeCheck = 0610;
				ORGANIZATIONNAME = "Brittany Factura";
				TargetAttributes = {
					DFFC54231C63DB1B004F85EA = {
						CreatedOnToolsVersion = 6.1.1;
					};
				};
			};
			buildConfigurationList = DFFC541F1C63DB1B004F85EA /* Build configuration list for PBXProject "mesh" */;
			compatibilityVersion = "Xcode 3.2";
			developmentRegion = English;
			hasScannedForEncodings = 0;
			knownRegions = (
				en,
			);
			mainGroup = DFFC541B1C63DB1B004F85EA;
			productRefGroup = DFFC54251C63DB1B004F85EA /* Products */;
			projectDirPath = "";
			projectRoot = "";
			targets = (
				DFFC54231C63DB1B004F85EA /* mesh */,
			);
		};
/* End PBXProject section */

/* Begin PBXSourcesBuildPhase section */
		DFFC54201C63DB1B004F85EA /* Sources */ = {
			isa = PBXSourcesBuildPhase;
			buildActionMask = 2147483647;
			files = (
				9326F5F91C63DDC000BE896F /* Light.cpp in Sources */,
				9326F6021C63DDC000BE896F /* Vector3.cpp in Sources */,
				9326F5F61C63DDC000BE896F /* Drawable.cpp in Sources */,
				9326F6031C63DDC000BE896F /* Vector4.cpp in Sources */,
				9326F5F71C63DDC000BE896F /* DrawData.cpp in Sources */,
				9326F5F41C63DDC000BE896F /* Camera.cpp in Sources */,
				9326F5FB1C63DDC000BE896F /* Material.cpp in Sources */,
				9326F6001C63DDC000BE896F /* Texture.cpp in Sources */,
				9326F6011C63DDC000BE896F /* UpdateData.cpp in Sources */,
				9326F5FA1C63DDC000BE896F /* main.cpp in Sources */,
				9326F5FE1C63DDC000BE896F /* OBJObject.cpp in Sources */,
				9326F5F81C63DDC000BE896F /* Globals.cpp in Sources */,
				9326F5FC1C63DDC000BE896F /* MathTestBench.cpp in Sources */,
				9326F5F51C63DDC000BE896F /* Color.cpp in Sources */,
				9326F6041C63DDC000BE896F /* Window.cpp in Sources */,
				9326F5FF1C63DDC000BE896F /* Shader.cpp in Sources */,
				9326F5FD1C63DDC000BE896F /* Matrix4.cpp in Sources */,
			);
			runOnlyForDeploymentPostprocessing = 0;
		};
/* End PBXSourcesBuildPhase section */

/* Begin XCBuildConfiguration section */
		DFFC54291C63DB1B004F85EA /* Debug */ = {
			isa = XCBuildConfiguration;
			buildSettings = {
				ALWAYS_SEARCH_USER_PATHS = NO;
				CLANG_CXX_LANGUAGE_STANDARD = "gnu++0x";
				CLANG_CXX_LIBRARY = "libc++";
				CLANG_ENABLE_MODULES = YES;
				CLANG_ENABLE_OBJC_ARC = YES;
				CLANG_WARN_BOOL_CONVERSION = YES;
				CLANG_WARN_CONSTANT_CONVERSION = YES;
				CLANG_WARN_DIRECT_OBJC_ISA_USAGE = YES_ERROR;
				CLANG_WARN_EMPTY_BODY = YES;
				CLANG_WARN_ENUM_CONVERSION = YES;
				CLANG_WARN_INT_CONVERSION = YES;
				CLANG_WARN_OBJC_ROOT_CLASS = YES_ERROR;
				CLANG_WARN_UNREACHABLE_CODE = YES;
				CLANG_WARN__DUPLICATE_METHOD_MATCH = YES;
				COPY_PHASE_STRIP = NO;
				ENABLE_STRICT_OBJC_MSGSEND = YES;
				GCC_C_LANGUAGE_STANDARD = gnu99;
				GCC_DYNAMIC_NO_PIC = NO;
				GCC_OPTIMIZATION_LEVEL = 0;
				GCC_PREPROCESSOR_DEFINITIONS = (
					"DEBUG=1",
					"$(inherited)",
				);
				GCC_SYMBOLS_PRIVATE_EXTERN = NO;
				GCC_WARN_64_TO_32_BIT_CONVERSION = YES;
				GCC_WARN_ABOUT_RETURN_TYPE = YES_ERROR;
				GCC_WARN_UNDECLARED_SELECTOR = YES;
				GCC_WARN_UNINITIALIZED_AUTOS = YES_AGGRESSIVE;
				GCC_WARN_UNUSED_FUNCTION = YES;
				GCC_WARN_UNUSED_VARIABLE = YES;
				MACOSX_DEPLOYMENT_TARGET = 10.10;
				MTL_ENABLE_DEBUG_INFO = YES;
				ONLY_ACTIVE_ARCH = YES;
				SDKROOT = macosx;
			};
			name = Debug;
		};
		DFFC542A1C63DB1B004F85EA /* Release */ = {
			isa = XCBuildConfiguration;
			buildSettings = {
				ALWAYS_SEARCH_USER_PATHS = NO;
				CLANG_CXX_LANGUAGE_STANDARD = "gnu++0x";
				CLANG_CXX_LIBRARY = "libc++";
				CLANG_ENABLE_MODULES = YES;
				CLANG_ENABLE_OBJC_ARC = YES;
				CLANG_WARN_BOOL_CONVERSION = YES;
				CLANG_WARN_CONSTANT_CONVERSION = YES;
				CLANG_WARN_DIRECT_OBJC_ISA_USAGE = YES_ERROR;
				CLANG_WARN_EMPTY_BODY = YES;
				CLANG_WARN_ENUM_CONVERSION = YES;
				CLANG_WARN_INT_CONVERSION = YES;
				CLANG_WARN_OBJC_ROOT_CLASS = YES_ERROR;
				CLANG_WARN_UNREACHABLE_CODE = YES;
				CLANG_WARN__DUPLICATE_METHOD_MATCH = YES;
				COPY_PHASE_STRIP = YES;
				DEBUG_INFORMATION_FORMAT = "dwarf-with-dsym";
				ENABLE_NS_ASSERTIONS = NO;
				ENABLE_STRICT_OBJC_MSGSEND = YES;
				GCC_C_LANGUAGE_STANDARD = gnu99;
				GCC_WARN_64_TO_32_BIT_CONVERSION = YES;
				GCC_WARN_ABOUT_RETURN_TYPE = YES_ERROR;
				GCC_WARN_UNDECLARED_SELECTOR = YES;
				GCC_WARN_UNINITIALIZED_AUTOS = YES_AGGRESSIVE;
				GCC_WARN_UNUSED_FUNCTION = YES;
				GCC_WARN_UNUSED_VARIABLE = YES;
				MACOSX_DEPLOYMENT_TARGET = 10.10;
				MTL_ENABLE_DEBUG_INFO = NO;
				SDKROOT = macosx;
			};
			name = Release;
		};
		DFFC542C1C63DB1B004F85EA /* Debug */ = {
			isa = XCBuildConfiguration;
			buildSettings = {
				PRODUCT_NAME = "$(TARGET_NAME)";
			};
			name = Debug;
		};
		DFFC542D1C63DB1B004F85EA /* Release */ = {
			isa = XCBuildConfiguration;
			buildSettings = {
				PRODUCT_NAME = "$(TARGET_NAME)";
			};
			name = Release;
		};
/* End XCBuildConfiguration section */

/* Begin XCConfigurationList section */
		DFFC541F1C63DB1B004F85EA /* Build configuration list for PBXProject "mesh" */ = {
			isa = XCConfigurationList;
			buildConfigurations = (
				DFFC54291C63DB1B004F85EA /* Debug */,
				DFFC542A1C63DB1B004F85EA /* Release */,
			);
			defaultConfigurationIsVisible = 0;
			defaultConfigurationName = Release;
		};
		DFFC542B1C63DB1B004F85EA /* Build configuration list for PBXNativeTarget "mesh" */ = {
			isa = XCConfigurationList;
			buildConfigurations = (
				DFFC542C1C63DB1B004F85EA /* Debug */,
				DFFC542D1C63DB1B004F85EA /* Release */,
			);
			defaultConfigurationIsVisible = 0;
			defaultConfigurationName = Release;
		};
/* End XCConfigurationList section */
	};
	rootObject = DFFC541C1C63DB1B004F85EA /* Project object */;
}
